Microsoft Visual Studio Solution File, Format Version 12.00
# Visual Studio Version 17
VisualStudioVersion = 17.0.31903.59
MinimumVisualStudioVersion = 10.0.40219.1
Project("{FAE04EC0-301F-11D3-BF4B-00C04F79EFBC}") = "WMPlayer", "src\\WMPlayer\\WMPlayer.csproj", "{5E31D44A-5854-42A4-BBCA-84E5FD9E6B33}"
EndProject
Global
	GlobalSection(SolutionConfigurationPlatforms) = preSolution
		Debug|Any CPU = Debug|Any CPU
		Release|Any CPU = Release|Any CPU
	EndGlobalSection
	GlobalSection(ProjectConfigurationPlatforms) = postSolution
		{5E31D44A-5854-42A4-BBCA-84E5FD9E6B33}.Debug|Any CPU.ActiveCfg = Debug|Any CPU
		{5E31D44A-5854-42A4-BBCA-84E5FD9E6B33}.Debug|Any CPU.Build.0 = Debug|Any CPU
		{5E31D44A-5854-42A4-BBCA-84E5FD9E6B33}.Release|Any CPU.ActiveCfg = Release|Any CPU
		{5E31D44A-5854-42A4-BBCA-84E5FD9E6B33}.Release|Any CPU.Build.0 = Release|Any CPU
	EndGlobalSection
	GlobalSection(SolutionProperties) = preSolution
		HideSolutionNode = FALSE
	EndGlobalSection
EndGlobal
